
Microsoft Visual Studio Solution File, Format Version 12.00
# Visual Studio Version 16
VisualStudioVersion = 16.0.29905.134
MinimumVisualStudioVersion = 10.0.40219.1
Project("{9092AA53-FB77-4645-B42D-1CCCA6BD08BD}") = "Lab3JavaScriptFrameworks", "Lab3JavaScriptFrameworks\Lab3JavaScriptFrameworks.njsproj", "{7921B733-D239-474D-9668-46A265AFB91A}"
EndProject
Global
	GlobalSection(SolutionConfigurationPlatforms) = preSolution
		Debug|Any CPU = Debug|Any CPU
		Release|Any CPU = Release|Any CPU
	EndGlobalSection
	GlobalSection(ProjectConfigurationPlatforms) = postSolution
		{7921B733-D239-474D-9668-46A265AFB91A}.Debug|Any CPU.ActiveCfg = Debug|Any CPU
		{7921B733-D239-474D-9668-46A265AFB91A}.Debug|Any CPU.Build.0 = Debug|Any CPU
		{7921B733-D239-474D-9668-46A265AFB91A}.Release|Any CPU.ActiveCfg = Release|Any CPU
		{7921B733-D239-474D-9668-46A265AFB91A}.Release|Any CPU.Build.0 = Release|Any CPU
	EndGlobalSection
	GlobalSection(SolutionProperties) = preSolution
		HideSolutionNode = FALSE
	EndGlobalSection
	GlobalSection(ExtensibilityGlobals) = postSolution
		SolutionGuid = {A0794DEB-724D-4FAD-A098-B34FBC514E92}
	EndGlobalSection
EndGlobal
